
Microsoft Visual Studio Solution File, Format Version 12.00
# Visual Studio Version 17
VisualStudioVersion = 17.9.34728.123
MinimumVisualStudioVersion = 10.0.40219.1
Project("{FAE04EC0-301F-11D3-BF4B-00C04F79EFBC}") = "visualarts-cms", "visualarts-cms\visualarts-cms.csproj", "{B2BF4557-9CC9-4B69-AC76-63F56702B778}"
EndProject
Global
	GlobalSection(SolutionConfigurationPlatforms) = preSolution
		Debug|Any CPU = Debug|Any CPU
		Release|Any CPU = Release|Any CPU
	EndGlobalSection
	GlobalSection(ProjectConfigurationPlatforms) = postSolution
		{B2BF4557-9CC9-4B69-AC76-63F56702B778}.Debug|Any CPU.ActiveCfg = Debug|Any CPU
		{B2BF4557-9CC9-4B69-AC76-63F56702B778}.Debug|Any CPU.Build.0 = Debug|Any CPU
		{B2BF4557-9CC9-4B69-AC76-63F56702B778}.Release|Any CPU.ActiveCfg = Release|Any CPU
		{B2BF4557-9CC9-4B69-AC76-63F56702B778}.Release|Any CPU.Build.0 = Release|Any CPU
	EndGlobalSection
	GlobalSection(SolutionProperties) = preSolution
		HideSolutionNode = FALSE
	EndGlobalSection
	GlobalSection(ExtensibilityGlobals) = postSolution
		SolutionGuid = {7B7B55D6-EC27-4BA8-A69D-59EE472BCAD6}
	EndGlobalSection
EndGlobal
